
Microsoft Visual Studio Solution File, Format Version 12.00
# Visual Studio Version 16
VisualStudioVersion = 16.0.30804.86
MinimumVisualStudioVersion = 10.0.40219.1
Project("{FAE04EC0-301F-11D3-BF4B-00C04F79EFBC}") = "ProgramTervezesMintak_SA", "ProgramTervezesMintak_SA.csproj", "{1D683017-9B64-49B7-BB6F-42A9FD179E3E}"
EndProject
Global
	GlobalSection(SolutionConfigurationPlatforms) = preSolution
		Debug|Any CPU = Debug|Any CPU
		Release|Any CPU = Release|Any CPU
	EndGlobalSection
	GlobalSection(ProjectConfigurationPlatforms) = postSolution
		{1D683017-9B64-49B7-BB6F-42A9FD179E3E}.Debug|Any CPU.ActiveCfg = Debug|Any CPU
		{1D683017-9B64-49B7-BB6F-42A9FD179E3E}.Debug|Any CPU.Build.0 = Debug|Any CPU
		{1D683017-9B64-49B7-BB6F-42A9FD179E3E}.Release|Any CPU.ActiveCfg = Release|Any CPU
		{1D683017-9B64-49B7-BB6F-42A9FD179E3E}.Release|Any CPU.Build.0 = Release|Any CPU
	EndGlobalSection
	GlobalSection(SolutionProperties) = preSolution
		HideSolutionNode = FALSE
	EndGlobalSection
	GlobalSection(ExtensibilityGlobals) = postSolution
		SolutionGuid = {D0FFE02C-141A-42AF-8DCF-5B9EBF2DCCB5}
	EndGlobalSection
EndGlobal
