
Microsoft Visual Studio Solution File, Format Version 12.00
# Visual Studio Version 16
VisualStudioVersion = 16.0.30804.86
MinimumVisualStudioVersion = 10.0.40219.1
Project("{FAE04EC0-301F-11D3-BF4B-00C04F79EFBC}") = "MikroSzimulacio", "MikroSzimulacio.csproj", "{3A599005-AC76-44A2-A917-86F680B3B986}"
EndProject
Global
	GlobalSection(SolutionConfigurationPlatforms) = preSolution
		Debug|Any CPU = Debug|Any CPU
		Release|Any CPU = Release|Any CPU
	EndGlobalSection
	GlobalSection(ProjectConfigurationPlatforms) = postSolution
		{3A599005-AC76-44A2-A917-86F680B3B986}.Debug|Any CPU.ActiveCfg = Debug|Any CPU
		{3A599005-AC76-44A2-A917-86F680B3B986}.Debug|Any CPU.Build.0 = Debug|Any CPU
		{3A599005-AC76-44A2-A917-86F680B3B986}.Release|Any CPU.ActiveCfg = Release|Any CPU
		{3A599005-AC76-44A2-A917-86F680B3B986}.Release|Any CPU.Build.0 = Release|Any CPU
	EndGlobalSection
	GlobalSection(SolutionProperties) = preSolution
		HideSolutionNode = FALSE
	EndGlobalSection
	GlobalSection(ExtensibilityGlobals) = postSolution
		SolutionGuid = {45381A9B-5F2D-4718-A00F-1978CE153106}
	EndGlobalSection
EndGlobal
